
Microsoft Visual Studio Solution File, Format Version 12.00
# Visual Studio Version 17
VisualStudioVersion = 17.2.32526.322
MinimumVisualStudioVersion = 10.0.40219.1
Project("{FAE04EC0-301F-11D3-BF4B-00C04F79EFBC}") = "Project0.1", "Project0.1\Project0.1.csproj", "{EC463BEA-5D8D-4E4E-8A5C-C48B31F53C64}"
EndProject
Global
	GlobalSection(SolutionConfigurationPlatforms) = preSolution
		Debug|Any CPU = Debug|Any CPU
		Release|Any CPU = Release|Any CPU
	EndGlobalSection
	GlobalSection(ProjectConfigurationPlatforms) = postSolution
		{EC463BEA-5D8D-4E4E-8A5C-C48B31F53C64}.Debug|Any CPU.ActiveCfg = Debug|Any CPU
		{EC463BEA-5D8D-4E4E-8A5C-C48B31F53C64}.Debug|Any CPU.Build.0 = Debug|Any CPU
		{EC463BEA-5D8D-4E4E-8A5C-C48B31F53C64}.Release|Any CPU.ActiveCfg = Release|Any CPU
		{EC463BEA-5D8D-4E4E-8A5C-C48B31F53C64}.Release|Any CPU.Build.0 = Release|Any CPU
	EndGlobalSection
	GlobalSection(SolutionProperties) = preSolution
		HideSolutionNode = FALSE
	EndGlobalSection
	GlobalSection(ExtensibilityGlobals) = postSolution
		SolutionGuid = {7A66A303-2445-4D1A-BDAF-975CEE195976}
	EndGlobalSection
EndGlobal
